
Microsoft Visual Studio Solution File, Format Version 12.00
# Visual Studio Version 17
VisualStudioVersion = 17.11.35327.3
MinimumVisualStudioVersion = 10.0.40219.1
Project("{FAE04EC0-301F-11D3-BF4B-00C04F79EFBC}") = "GitDensity", "GitDensity\GitDensity.csproj", "{A387FE6E-4A84-4971-A8A7-3E60FB08B569}"
EndProject
Project("{FAE04EC0-301F-11D3-BF4B-00C04F79EFBC}") = "GitHours", "GitHours\GitHours.csproj", "{48FD0158-7C1E-45B0-9E0E-17AF2BB8C3F6}"
EndProject
Project("{FAE04EC0-301F-11D3-BF4B-00C04F79EFBC}") = "Util", "Util\Util.csproj", "{459DD3D3-8A12-4F92-9DF6-F1E6296CC6D6}"
EndProject
Project("{FAE04EC0-301F-11D3-BF4B-00C04F79EFBC}") = "GitDensityTests", "GitDensityTests\GitDensityTests.csproj", "{8FC24E9E-0ECF-45D6-A957-DCEDCEAA46E8}"
EndProject
Project("{FAE04EC0-301F-11D3-BF4B-00C04F79EFBC}") = "UtilTests", "UtilTests\UtilTests.csproj", "{B1C99970-1287-481C-8295-EDF3688B2AB0}"
EndProject
Project("{FAE04EC0-301F-11D3-BF4B-00C04F79EFBC}") = "GitHoursTests", "GitHoursTests\GitHoursTests.csproj", "{06D963A7-2199-401B-A458-F74CD429EF3F}"
EndProject
Project("{FAE04EC0-301F-11D3-BF4B-00C04F79EFBC}") = "GitMetrics", "GitMetrics\GitMetrics.csproj", "{FF0514F8-C5E8-4148-A6BF-F9FEE96795BA}"
EndProject
Project("{FAE04EC0-301F-11D3-BF4B-00C04F79EFBC}") = "GitTools", "GitTools\GitTools.csproj", "{E0E09425-B344-4555-A1C6-1264B1EFE3E0}"
EndProject
Project("{FAE04EC0-301F-11D3-BF4B-00C04F79EFBC}") = "GitToolsTests", "GitToolsTests\GitToolsTests.csproj", "{57F1238C-58C6-43BB-AD7F-6AA901031DCB}"
EndProject
Global
	GlobalSection(SolutionConfigurationPlatforms) = preSolution
		Debug|Any CPU = Debug|Any CPU
		Release|Any CPU = Release|Any CPU
	EndGlobalSection
	GlobalSection(ProjectConfigurationPlatforms) = postSolution
		{A387FE6E-4A84-4971-A8A7-3E60FB08B569}.Debug|Any CPU.ActiveCfg = Debug|Any CPU
		{A387FE6E-4A84-4971-A8A7-3E60FB08B569}.Debug|Any CPU.Build.0 = Debug|Any CPU
		{A387FE6E-4A84-4971-A8A7-3E60FB08B569}.Release|Any CPU.ActiveCfg = Release|Any CPU
		{A387FE6E-4A84-4971-A8A7-3E60FB08B569}.Release|Any CPU.Build.0 = Release|Any CPU
		{48FD0158-7C1E-45B0-9E0E-17AF2BB8C3F6}.Debug|Any CPU.ActiveCfg = Debug|Any CPU
		{48FD0158-7C1E-45B0-9E0E-17AF2BB8C3F6}.Debug|Any CPU.Build.0 = Debug|Any CPU
		{48FD0158-7C1E-45B0-9E0E-17AF2BB8C3F6}.Release|Any CPU.ActiveCfg = Release|Any CPU
		{48FD0158-7C1E-45B0-9E0E-17AF2BB8C3F6}.Release|Any CPU.Build.0 = Release|Any CPU
		{459DD3D3-8A12-4F92-9DF6-F1E6296CC6D6}.Debug|Any CPU.ActiveCfg = Debug|Any CPU
		{459DD3D3-8A12-4F92-9DF6-F1E6296CC6D6}.Debug|Any CPU.Build.0 = Debug|Any CPU
		{459DD3D3-8A12-4F92-9DF6-F1E6296CC6D6}.Release|Any CPU.ActiveCfg = Release|Any CPU
		{459DD3D3-8A12-4F92-9DF6-F1E6296CC6D6}.Release|Any CPU.Build.0 = Release|Any CPU
		{8FC24E9E-0ECF-45D6-A957-DCEDCEAA46E8}.Debug|Any CPU.ActiveCfg = Debug|Any CPU
		{8FC24E9E-0ECF-45D6-A957-DCEDCEAA46E8}.Debug|Any CPU.Build.0 = Debug|Any CPU
		{8FC24E9E-0ECF-45D6-A957-DCEDCEAA46E8}.Release|Any CPU.ActiveCfg = Release|Any CPU
		{8FC24E9E-0ECF-45D6-A957-DCEDCEAA46E8}.Release|Any CPU.Build.0 = Release|Any CPU
		{B1C99970-1287-481C-8295-EDF3688B2AB0}.Debug|Any CPU.ActiveCfg = Debug|Any CPU
		{B1C99970-1287-481C-8295-EDF3688B2AB0}.Debug|Any CPU.Build.0 = Debug|Any CPU
		{B1C99970-1287-481C-8295-EDF3688B2AB0}.Release|Any CPU.ActiveCfg = Release|Any CPU
		{B1C99970-1287-481C-8295-EDF3688B2AB0}.Release|Any CPU.Build.0 = Release|Any CPU
		{06D963A7-2199-401B-A458-F74CD429EF3F}.Debug|Any CPU.ActiveCfg = Debug|Any CPU
		{06D963A7-2199-401B-A458-F74CD429EF3F}.Debug|Any CPU.Build.0 = Debug|Any CPU
		{06D963A7-2199-401B-A458-F74CD429EF3F}.Release|Any CPU.ActiveCfg = Release|Any CPU
		{06D963A7-2199-401B-A458-F74CD429EF3F}.Release|Any CPU.Build.0 = Release|Any CPU
		{FF0514F8-C5E8-4148-A6BF-F9FEE96795BA}.Debug|Any CPU.ActiveCfg = Debug|Any CPU
		{FF0514F8-C5E8-4148-A6BF-F9FEE96795BA}.Debug|Any CPU.Build.0 = Debug|Any CPU
		{FF0514F8-C5E8-4148-A6BF-F9FEE96795BA}.Release|Any CPU.ActiveCfg = Release|Any CPU
		{FF0514F8-C5E8-4148-A6BF-F9FEE96795BA}.Release|Any CPU.Build.0 = Release|Any CPU
		{E0E09425-B344-4555-A1C6-1264B1EFE3E0}.Debug|Any CPU.ActiveCfg = Debug|Any CPU
		{E0E09425-B344-4555-A1C6-1264B1EFE3E0}.Debug|Any CPU.Build.0 = Debug|Any CPU
		{E0E09425-B344-4555-A1C6-1264B1EFE3E0}.Release|Any CPU.ActiveCfg = Release|Any CPU
		{E0E09425-B344-4555-A1C6-1264B1EFE3E0}.Release|Any CPU.Build.0 = Release|Any CPU
		{57F1238C-58C6-43BB-AD7F-6AA901031DCB}.Debug|Any CPU.ActiveCfg = Debug|Any CPU
		{57F1238C-58C6-43BB-AD7F-6AA901031DCB}.Debug|Any CPU.Build.0 = Debug|Any CPU
		{57F1238C-58C6-43BB-AD7F-6AA901031DCB}.Release|Any CPU.ActiveCfg = Release|Any CPU
		{57F1238C-58C6-43BB-AD7F-6AA901031DCB}.Release|Any CPU.Build.0 = Release|Any CPU
	EndGlobalSection
	GlobalSection(SolutionProperties) = preSolution
		HideSolutionNode = FALSE
	EndGlobalSection
	GlobalSection(ExtensibilityGlobals) = postSolution
		SolutionGuid = {BD2688DE-1748-4325-8B65-D815F2498B43}
	EndGlobalSection
EndGlobal
