
Microsoft Visual Studio Solution File, Format Version 12.00
# Visual Studio 15
VisualStudioVersion = 15.0.26730.12
MinimumVisualStudioVersion = 10.0.40219.1
Project("{FAE04EC0-301F-11D3-BF4B-00C04F79EFBC}") = "GitDensity", "GitDensity\GitDensity.csproj", "{A387FE6E-4A84-4971-A8A7-3E60FB08B569}"
EndProject
Global
	GlobalSection(SolutionConfigurationPlatforms) = preSolution
		Debug|Any CPU = Debug|Any CPU
		Release|Any CPU = Release|Any CPU
	EndGlobalSection
	GlobalSection(ProjectConfigurationPlatforms) = postSolution
		{A387FE6E-4A84-4971-A8A7-3E60FB08B569}.Debug|Any CPU.ActiveCfg = Debug|Any CPU
		{A387FE6E-4A84-4971-A8A7-3E60FB08B569}.Debug|Any CPU.Build.0 = Debug|Any CPU
		{A387FE6E-4A84-4971-A8A7-3E60FB08B569}.Release|Any CPU.ActiveCfg = Release|Any CPU
		{A387FE6E-4A84-4971-A8A7-3E60FB08B569}.Release|Any CPU.Build.0 = Release|Any CPU
	EndGlobalSection
	GlobalSection(SolutionProperties) = preSolution
		HideSolutionNode = FALSE
	EndGlobalSection
	GlobalSection(ExtensibilityGlobals) = postSolution
		SolutionGuid = {BD2688DE-1748-4325-8B65-D815F2498B43}
	EndGlobalSection
EndGlobal
